{
  "lockfile-version": 1,
  "manifest": {
    "version": 1,
    "install": {
      "nodejs": {
        "pkg-path": "nodejs"
      },
      "pnpm": {
        "pkg-path": "pnpm"
      }
    },
    "hook": {},
    "profile": {},
    "options": {
      "systems": [
        "aarch64-darwin",
        "aarch64-linux",
        "x86_64-darwin",
        "x86_64-linux"
      ]
    }
  },
  "packages": [
    {
      "attr_path": "nodejs",
      "broken": false,
      "derivation": "/nix/store/v4xdr255vdcghnqyvk7ih2ppvx0lapfk-nodejs-22.14.0.drv",
      "description": "Event-driven I/O framework for the V8 JavaScript engine",
      "install_id": "nodejs",
      "license": "MIT",
      "locked_url": "https://github.com/flox/nixpkgs?rev=2631b0b7abcea6e640ce31cd78ea58910d31e650",
      "name": "nodejs-22.14.0",
      "pname": "nodejs",
      "rev": "2631b0b7abcea6e640ce31cd78ea58910d31e650",
      "rev_count": 782401,
      "rev_date": "2025-04-12T13:19:24Z",
      "scrape_date": "2025-04-14T01:11:27.527343Z",
      "stabilities": [
        "unstable"
      ],
      "unfree": false,
      "version": "22.14.0",
      "outputs_to_install": [
        "out"
      ],
      "outputs": {
        "libv8": "/nix/store/4m6xhygkx74fsd5k99nihgr7vg85f553-nodejs-22.14.0-libv8",
        "out": "/nix/store/i1v519j66jmvpqr5h382i9nanxwa5l6n-nodejs-22.14.0"
      },
      "system": "aarch64-darwin",
      "group": "toplevel",
      "priority": 5
    },
    {
      "attr_path": "nodejs",
      "broken": false,
      "derivation": "/nix/store/6678kk8l6dfvfawlpf8smjm0b6zinn2f-nodejs-22.14.0.drv",
      "description": "Event-driven I/O framework for the V8 JavaScript engine",
      "install_id": "nodejs",
      "license": "MIT",
      "locked_url": "https://github.com/flox/nixpkgs?rev=2631b0b7abcea6e640ce31cd78ea58910d31e650",
      "name": "nodejs-22.14.0",
      "pname": "nodejs",
      "rev": "2631b0b7abcea6e640ce31cd78ea58910d31e650",
      "rev_count": 782401,
      "rev_date": "2025-04-12T13:19:24Z",
      "scrape_date": "2025-04-14T01:28:13.241342Z",
      "stabilities": [
        "unstable"
      ],
      "unfree": false,
      "version": "22.14.0",
      "outputs_to_install": [
        "out"
      ],
      "outputs": {
        "libv8": "/nix/store/s8407q9aa2mi2b60zk2mkjjdnv4qw87x-nodejs-22.14.0-libv8",
        "out": "/nix/store/p6183qmkyfkz5sqlv4wbw6a2nnh1r8jf-nodejs-22.14.0"
      },
      "system": "aarch64-linux",
      "group": "toplevel",
      "priority": 5
    },
    {
      "attr_path": "nodejs",
      "broken": false,
      "derivation": "/nix/store/zal73kvqhchl43qs2x7p5cvp57ypd4n3-nodejs-22.14.0.drv",
      "description": "Event-driven I/O framework for the V8 JavaScript engine",
      "install_id": "nodejs",
      "license": "MIT",
      "locked_url": "https://github.com/flox/nixpkgs?rev=2631b0b7abcea6e640ce31cd78ea58910d31e650",
      "name": "nodejs-22.14.0",
      "pname": "nodejs",
      "rev": "2631b0b7abcea6e640ce31cd78ea58910d31e650",
      "rev_count": 782401,
      "rev_date": "2025-04-12T13:19:24Z",
      "scrape_date": "2025-04-14T01:43:38.665121Z",
      "stabilities": [
        "unstable"
      ],
      "unfree": false,
      "version": "22.14.0",
      "outputs_to_install": [
        "out"
      ],
      "outputs": {
        "libv8": "/nix/store/sx5pbfq09qkl6bfxcljmhf5s1z049693-nodejs-22.14.0-libv8",
        "out": "/nix/store/mxpq0x25ayiliy6938pflhqvfc1nznkl-nodejs-22.14.0"
      },
      "system": "x86_64-darwin",
      "group": "toplevel",
      "priority": 5
    },
    {
      "attr_path": "nodejs",
      "broken": false,
      "derivation": "/nix/store/2v66xkgfmdipzpwgl813n4mqgck6w3fd-nodejs-22.14.0.drv",
      "description": "Event-driven I/O framework for the V8 JavaScript engine",
      "install_id": "nodejs",
      "license": "MIT",
      "locked_url": "https://github.com/flox/nixpkgs?rev=2631b0b7abcea6e640ce31cd78ea58910d31e650",
      "name": "nodejs-22.14.0",
      "pname": "nodejs",
      "rev": "2631b0b7abcea6e640ce31cd78ea58910d31e650",
      "rev_count": 782401,
      "rev_date": "2025-04-12T13:19:24Z",
      "scrape_date": "2025-04-14T02:02:03.945028Z",
      "stabilities": [
        "unstable"
      ],
      "unfree": false,
      "version": "22.14.0",
      "outputs_to_install": [
        "out"
      ],
      "outputs": {
        "libv8": "/nix/store/j4w6685rkqwwl03cc8phm8xiyb2xmbnq-nodejs-22.14.0-libv8",
        "out": "/nix/store/bmakyv5ip1wc9jk155glzdw4vnnrym04-nodejs-22.14.0"
      },
      "system": "x86_64-linux",
      "group": "toplevel",
      "priority": 5
    },
    {
      "attr_path": "pnpm",
      "broken": false,
      "derivation": "/nix/store/plqg1dc22110z8l3h1rasyxs6p224nxi-pnpm-10.8.0.drv",
      "description": "Fast, disk space efficient package manager for JavaScript",
      "install_id": "pnpm",
      "license": "MIT",
      "locked_url": "https://github.com/flox/nixpkgs?rev=2631b0b7abcea6e640ce31cd78ea58910d31e650",
      "name": "pnpm-10.8.0",
      "pname": "pnpm",
      "rev": "2631b0b7abcea6e640ce31cd78ea58910d31e650",
      "rev_count": 782401,
      "rev_date": "2025-04-12T13:19:24Z",
      "scrape_date": "2025-04-14T01:11:32.610903Z",
      "stabilities": [
        "unstable"
      ],
      "unfree": false,
      "version": "10.8.0",
      "outputs_to_install": [
        "out"
      ],
      "outputs": {
        "out": "/nix/store/lk5zn7zj9aapazn25l8qag76kmnvdpn3-pnpm-10.8.0"
      },
      "system": "aarch64-darwin",
      "group": "toplevel",
      "priority": 5
    },
    {
      "attr_path": "pnpm",
      "broken": false,
      "derivation": "/nix/store/gb5fz9g0m11593mvfxc85aq5h8pagxqp-pnpm-10.8.0.drv",
      "description": "Fast, disk space efficient package manager for JavaScript",
      "install_id": "pnpm",
      "license": "MIT",
      "locked_url": "https://github.com/flox/nixpkgs?rev=2631b0b7abcea6e640ce31cd78ea58910d31e650",
      "name": "pnpm-10.8.0",
      "pname": "pnpm",
      "rev": "2631b0b7abcea6e640ce31cd78ea58910d31e650",
      "rev_count": 782401,
      "rev_date": "2025-04-12T13:19:24Z",
      "scrape_date": "2025-04-14T01:28:22.785997Z",
      "stabilities": [
        "unstable"
      ],
      "unfree": false,
      "version": "10.8.0",
      "outputs_to_install": [
        "out"
      ],
      "outputs": {
        "out": "/nix/store/qqgg823s3vd2hlhiwh92ci1zn0snnlb5-pnpm-10.8.0"
      },
      "system": "aarch64-linux",
      "group": "toplevel",
      "priority": 5
    },
    {
      "attr_path": "pnpm",
      "broken": false,
      "derivation": "/nix/store/a7v3lbk0c08rgm3v01s36g94219rdb33-pnpm-10.8.0.drv",
      "description": "Fast, disk space efficient package manager for JavaScript",
      "install_id": "pnpm",
      "license": "MIT",
      "locked_url": "https://github.com/flox/nixpkgs?rev=2631b0b7abcea6e640ce31cd78ea58910d31e650",
      "name": "pnpm-10.8.0",
      "pname": "pnpm",
      "rev": "2631b0b7abcea6e640ce31cd78ea58910d31e650",
      "rev_count": 782401,
      "rev_date": "2025-04-12T13:19:24Z",
      "scrape_date": "2025-04-14T01:43:43.879277Z",
      "stabilities": [
        "unstable"
      ],
      "unfree": false,
      "version": "10.8.0",
      "outputs_to_install": [
        "out"
      ],
      "outputs": {
        "out": "/nix/store/yacdhmmyqskcgcwnaxlz60cl4s29g1wb-pnpm-10.8.0"
      },
      "system": "x86_64-darwin",
      "group": "toplevel",
      "priority": 5
    },
    {
      "attr_path": "pnpm",
      "broken": false,
      "derivation": "/nix/store/synbsdy6llmc00lq0m46pc676kll19fq-pnpm-10.8.0.drv",
      "description": "Fast, disk space efficient package manager for JavaScript",
      "install_id": "pnpm",
      "license": "MIT",
      "locked_url": "https://github.com/flox/nixpkgs?rev=2631b0b7abcea6e640ce31cd78ea58910d31e650",
      "name": "pnpm-10.8.0",
      "pname": "pnpm",
      "rev": "2631b0b7abcea6e640ce31cd78ea58910d31e650",
      "rev_count": 782401,
      "rev_date": "2025-04-12T13:19:24Z",
      "scrape_date": "2025-04-14T02:02:14.308581Z",
      "stabilities": [
        "unstable"
      ],
      "unfree": false,
      "version": "10.8.0",
      "outputs_to_install": [
        "out"
      ],
      "outputs": {
        "out": "/nix/store/kclz9i3vq2fz8nnn947l773a95fj77z3-pnpm-10.8.0"
      },
      "system": "x86_64-linux",
      "group": "toplevel",
      "priority": 5
    }
  ]
}